// !$*UTF8*$!
{
	archiveVersion = 1;
	classes = {
	};
	objectVersion = 46;
	objects = {

/* Begin PBXBuildFile section */
		1E34E4081CE36D12004F5C98 /* AppDelegate.swift in Sources */ = {isa = PBXBuildFile; fileRef = 1E34E4071CE36D12004F5C98 /* AppDelegate.swift */; };
		1E34E40A1CE36D12004F5C98 /* ViewController.swift in Sources */ = {isa = PBXBuildFile; fileRef = 1E34E4091CE36D12004F5C98 /* ViewController.swift */; };
		1E34E40D1CE36D12004F5C98 /* Main.storyboard in Resources */ = {isa = PBXBuildFile; fileRef = 1E34E40B1CE36D12004F5C98 /* Main.storyboard */; };
		1E34E40F1CE36D12004F5C98 /* Assets.xcassets in Resources */ = {isa = PBXBuildFile; fileRef = 1E34E40E1CE36D12004F5C98 /* Assets.xcassets */; };
		1E34E4121CE36D12004F5C98 /* LaunchScreen.storyboard in Resources */ = {isa = PBXBuildFile; fileRef = 1E34E4101CE36D12004F5C98 /* LaunchScreen.storyboard */; };
		1E34E41D1CE36D12004F5C98 /* CoderAlgorithmTests.swift in Sources */ = {isa = PBXBuildFile; fileRef = 1E34E41C1CE36D12004F5C98 /* CoderAlgorithmTests.swift */; };
		1E34E42A1CE36E49004F5C98 /* 1 Two Sum.swift in Sources */ = {isa = PBXBuildFile; fileRef = 1E34E4291CE36E49004F5C98 /* 1 Two Sum.swift */; };
		1E36CBAC207340C600B7AD3F /* FindDiffChar.swift in Sources */ = {isa = PBXBuildFile; fileRef = 1E36CBAB207340C600B7AD3F /* FindDiffChar.swift */; };
		1E486E1B2401AF7F006A19E5 /* 19 Remove Nth Node from end of List.swift in Sources */ = {isa = PBXBuildFile; fileRef = 1E486E1A2401AF7F006A19E5 /* 19 Remove Nth Node from end of List.swift */; };
		1E75DA7C23A6088500642D95 /* LindedList.swift in Sources */ = {isa = PBXBuildFile; fileRef = 1E75DA7B23A6088500642D95 /* LindedList.swift */; };
		1E75DA8023A6356600642D95 /* 206 Reverse LinkedList.swift in Sources */ = {isa = PBXBuildFile; fileRef = 1E75DA7F23A6356600642D95 /* 206 Reverse LinkedList.swift */; };
		1E75DA8223A6407F00642D95 /* 92 ReverseLinklist2.swift in Sources */ = {isa = PBXBuildFile; fileRef = 1E75DA8123A6407F00642D95 /* 92 ReverseLinklist2.swift */; };
		1E75DA8423A645E700642D95 /* 234 palindromeLinkedList.swift in Sources */ = {isa = PBXBuildFile; fileRef = 1E75DA8323A645E700642D95 /* 234 palindromeLinkedList.swift */; };
		1E7CDB871DE29EB1002B8999 /* Queue.swift in Sources */ = {isa = PBXBuildFile; fileRef = 1E7CDB7E1DE29EB1002B8999 /* Queue.swift */; };
		1E7CDB881DE29EB1002B8999 /* Stack.swift in Sources */ = {isa = PBXBuildFile; fileRef = 1E7CDB7F1DE29EB1002B8999 /* Stack.swift */; };
		1E7CDB891DE29EB1002B8999 /* BinarySearch.swift in Sources */ = {isa = PBXBuildFile; fileRef = 1E7CDB811DE29EB1002B8999 /* BinarySearch.swift */; };
		1E7CDB8A1DE29EB1002B8999 /* BubbleSort.swift in Sources */ = {isa = PBXBuildFile; fileRef = 1E7CDB831DE29EB1002B8999 /* BubbleSort.swift */; };
		1E7CDB8B1DE29EB1002B8999 /* BucketSort.swift in Sources */ = {isa = PBXBuildFile; fileRef = 1E7CDB841DE29EB1002B8999 /* BucketSort.swift */; };
		1E7CDB8C1DE29EB1002B8999 /* InsertSort.swift in Sources */ = {isa = PBXBuildFile; fileRef = 1E7CDB851DE29EB1002B8999 /* InsertSort.swift */; };
		1E7CDB8D1DE29EB1002B8999 /* QuickSort.swift in Sources */ = {isa = PBXBuildFile; fileRef = 1E7CDB861DE29EB1002B8999 /* QuickSort.swift */; };
		1E7D029120886410008C7FA7 /* BinarySearchTree.swift in Sources */ = {isa = PBXBuildFile; fileRef = 1E7D029020886410008C7FA7 /* BinarySearchTree.swift */; };
		1E7F3022206BD8200044B5AD /* Heap.swift in Sources */ = {isa = PBXBuildFile; fileRef = 1E7F3021206BD8200044B5AD /* Heap.swift */; };
		1E8B7A911DEBE04B00F765C1 /* SelectionSort.swift in Sources */ = {isa = PBXBuildFile; fileRef = 1E8B7A901DEBE04B00F765C1 /* SelectionSort.swift */; };
		1E94CE6D2070B4DA00625560 /* HeapSort.swift in Sources */ = {isa = PBXBuildFile; fileRef = 1E94CE6C2070B4DA00625560 /* HeapSort.swift */; };
		1EABA655208F24E8005DA18B /* 88 MergeTwoSortedArray.swift in Sources */ = {isa = PBXBuildFile; fileRef = 1EABA654208F24E8005DA18B /* 88 MergeTwoSortedArray.swift */; };
		1EAF4EB824017F570079AA6F /* 83 Remove duplicates in Sorted List.swift in Sources */ = {isa = PBXBuildFile; fileRef = 1EAF4EB724017F570079AA6F /* 83 Remove duplicates in Sorted List.swift */; };
		1EAF4EBA240189A60079AA6F /* 82 Remove Duplicated from Sorted List 2.swift in Sources */ = {isa = PBXBuildFile; fileRef = 1EAF4EB9240189A60079AA6F /* 82 Remove Duplicated from Sorted List 2.swift */; };
		1EB53296240124E5001A9F68 /* 203 Remove LinkList Element.swift in Sources */ = {isa = PBXBuildFile; fileRef = 1EB53295240124E5001A9F68 /* 203 Remove LinkList Element.swift */; };
		1EB9C5272402B8DC0063E216 /* 328 Odd Even LinkList.swift in Sources */ = {isa = PBXBuildFile; fileRef = 1EB9C5262402B8DC0063E216 /* 328 Odd Even LinkList.swift */; };
		1EB9C5292402C16C0063E216 /* 61 Rotate LinkList.swift in Sources */ = {isa = PBXBuildFile; fileRef = 1EB9C5282402C16C0063E216 /* 61 Rotate LinkList.swift */; };
		1ECC446E228C6C4C0094AD40 /* 2 Add Two Number.swift in Sources */ = {isa = PBXBuildFile; fileRef = 1ECC446D228C6C4C0094AD40 /* 2 Add Two Number.swift */; };
		1ECD7E0823FF8C010040B01E /* 排序算法比较.jpg in Resources */ = {isa = PBXBuildFile; fileRef = 1ECD7E0723FF8C010040B01E /* 排序算法比较.jpg */; };
		1EE3AE6920959714002FB78C /* 3 FindLongestSubstring.swift in Sources */ = {isa = PBXBuildFile; fileRef = 1EE3AE6820959714002FB78C /* 3 FindLongestSubstring.swift */; };
		1EEB6BA2205D0980003E4027 /* MergeSort.swift in Sources */ = {isa = PBXBuildFile; fileRef = 1EEB6BA1205D0980003E4027 /* MergeSort.swift */; };
/* End PBXBuildFile section */

/* Begin PBXContainerItemProxy section */
		1E34E4191CE36D12004F5C98 /* PBXContainerItemProxy */ = {
			isa = PBXContainerItemProxy;
			containerPortal = 1E34E3FC1CE36D11004F5C98 /* Project object */;
			proxyType = 1;
			remoteGlobalIDString = 1E34E4031CE36D11004F5C98;
			remoteInfo = CoderAlgorithm;
		};
/* End PBXContainerItemProxy section */

/* Begin PBXFileReference section */
		1E34E4041CE36D11004F5C98 /* CoderAlgorithm.app */ = {isa = PBXFileReference; explicitFileType = wrapper.application; includeInIndex = 0; path = CoderAlgorithm.app; sourceTree = BUILT_PRODUCTS_DIR; };
		1E34E4071CE36D12004F5C98 /* AppDelegate.swift */ = {isa = PBXFileReference; lastKnownFileType = sourcecode.swift; path = AppDelegate.swift; sourceTree = "<group>"; };
		1E34E4091CE36D12004F5C98 /* ViewController.swift */ = {isa = PBXFileReference; lastKnownFileType = sourcecode.swift; path = ViewController.swift; sourceTree = "<group>"; };
		1E34E40C1CE36D12004F5C98 /* Base */ = {isa = PBXFileReference; lastKnownFileType = file.storyboard; name = Base; path = Base.lproj/Main.storyboard; sourceTree = "<group>"; };
		1E34E40E1CE36D12004F5C98 /* Assets.xcassets */ = {isa = PBXFileReference; lastKnownFileType = folder.assetcatalog; path = Assets.xcassets; sourceTree = "<group>"; };
		1E34E4111CE36D12004F5C98 /* Base */ = {isa = PBXFileReference; lastKnownFileType = file.storyboard; name = Base; path = Base.lproj/LaunchScreen.storyboard; sourceTree = "<group>"; };
		1E34E4131CE36D12004F5C98 /* Info.plist */ = {isa = PBXFileReference; lastKnownFileType = text.plist.xml; path = Info.plist; sourceTree = "<group>"; };
		1E34E4181CE36D12004F5C98 /* CoderAlgorithmTests.xctest */ = {isa = PBXFileReference; explicitFileType = wrapper.cfbundle; includeInIndex = 0; path = CoderAlgorithmTests.xctest; sourceTree = BUILT_PRODUCTS_DIR; };
		1E34E41C1CE36D12004F5C98 /* CoderAlgorithmTests.swift */ = {isa = PBXFileReference; lastKnownFileType = sourcecode.swift; path = CoderAlgorithmTests.swift; sourceTree = "<group>"; };
		1E34E41E1CE36D12004F5C98 /* Info.plist */ = {isa = PBXFileReference; lastKnownFileType = text.plist.xml; path = Info.plist; sourceTree = "<group>"; };
		1E34E4291CE36E49004F5C98 /* 1 Two Sum.swift */ = {isa = PBXFileReference; fileEncoding = 4; lastKnownFileType = sourcecode.swift; path = "1 Two Sum.swift"; sourceTree = "<group>"; };
		1E36CBAB207340C600B7AD3F /* FindDiffChar.swift */ = {isa = PBXFileReference; lastKnownFileType = sourcecode.swift; path = FindDiffChar.swift; sourceTree = "<group>"; };
		1E486E1A2401AF7F006A19E5 /* 19 Remove Nth Node from end of List.swift */ = {isa = PBXFileReference; lastKnownFileType = sourcecode.swift; path = "19 Remove Nth Node from end of List.swift"; sourceTree = "<group>"; };
		1E75DA7B23A6088500642D95 /* LindedList.swift */ = {isa = PBXFileReference; lastKnownFileType = sourcecode.swift; path = LindedList.swift; sourceTree = "<group>"; };
		1E75DA7F23A6356600642D95 /* 206 Reverse LinkedList.swift */ = {isa = PBXFileReference; lastKnownFileType = sourcecode.swift; path = "206 Reverse LinkedList.swift"; sourceTree = "<group>"; };
		1E75DA8123A6407F00642D95 /* 92 ReverseLinklist2.swift */ = {isa = PBXFileReference; lastKnownFileType = sourcecode.swift; path = "92 ReverseLinklist2.swift"; sourceTree = "<group>"; };
		1E75DA8323A645E700642D95 /* 234 palindromeLinkedList.swift */ = {isa = PBXFileReference; lastKnownFileType = sourcecode.swift; path = "234 palindromeLinkedList.swift"; sourceTree = "<group>"; };
		1E7CDB7E1DE29EB1002B8999 /* Queue.swift */ = {isa = PBXFileReference; fileEncoding = 4; lastKnownFileType = sourcecode.swift; path = Queue.swift; sourceTree = "<group>"; };
		1E7CDB7F1DE29EB1002B8999 /* Stack.swift */ = {isa = PBXFileReference; fileEncoding = 4; lastKnownFileType = sourcecode.swift; path = Stack.swift; sourceTree = "<group>"; };
		1E7CDB811DE29EB1002B8999 /* BinarySearch.swift */ = {isa = PBXFileReference; fileEncoding = 4; lastKnownFileType = sourcecode.swift; path = BinarySearch.swift; sourceTree = "<group>"; };
		1E7CDB831DE29EB1002B8999 /* BubbleSort.swift */ = {isa = PBXFileReference; fileEncoding = 4; lastKnownFileType = sourcecode.swift; path = BubbleSort.swift; sourceTree = "<group>"; };
		1E7CDB841DE29EB1002B8999 /* BucketSort.swift */ = {isa = PBXFileReference; fileEncoding = 4; lastKnownFileType = sourcecode.swift; path = BucketSort.swift; sourceTree = "<group>"; };
		1E7CDB851DE29EB1002B8999 /* InsertSort.swift */ = {isa = PBXFileReference; fileEncoding = 4; lastKnownFileType = sourcecode.swift; path = InsertSort.swift; sourceTree = "<group>"; };
		1E7CDB861DE29EB1002B8999 /* QuickSort.swift */ = {isa = PBXFileReference; fileEncoding = 4; lastKnownFileType = sourcecode.swift; path = QuickSort.swift; sourceTree = "<group>"; };
		1E7D029020886410008C7FA7 /* BinarySearchTree.swift */ = {isa = PBXFileReference; lastKnownFileType = sourcecode.swift; path = BinarySearchTree.swift; sourceTree = "<group>"; };
		1E7F3021206BD8200044B5AD /* Heap.swift */ = {isa = PBXFileReference; lastKnownFileType = sourcecode.swift; path = Heap.swift; sourceTree = "<group>"; };
		1E8B7A901DEBE04B00F765C1 /* SelectionSort.swift */ = {isa = PBXFileReference; fileEncoding = 4; lastKnownFileType = sourcecode.swift; path = SelectionSort.swift; sourceTree = "<group>"; };
		1E94CE6C2070B4DA00625560 /* HeapSort.swift */ = {isa = PBXFileReference; lastKnownFileType = sourcecode.swift; path = HeapSort.swift; sourceTree = "<group>"; };
		1EABA654208F24E8005DA18B /* 88 MergeTwoSortedArray.swift */ = {isa = PBXFileReference; lastKnownFileType = sourcecode.swift; path = "88 MergeTwoSortedArray.swift"; sourceTree = "<group>"; };
		1EAF4EB724017F570079AA6F /* 83 Remove duplicates in Sorted List.swift */ = {isa = PBXFileReference; lastKnownFileType = sourcecode.swift; path = "83 Remove duplicates in Sorted List.swift"; sourceTree = "<group>"; };
		1EAF4EB9240189A60079AA6F /* 82 Remove Duplicated from Sorted List 2.swift */ = {isa = PBXFileReference; lastKnownFileType = sourcecode.swift; path = "82 Remove Duplicated from Sorted List 2.swift"; sourceTree = "<group>"; };
		1EB53295240124E5001A9F68 /* 203 Remove LinkList Element.swift */ = {isa = PBXFileReference; lastKnownFileType = sourcecode.swift; path = "203 Remove LinkList Element.swift"; sourceTree = "<group>"; };
		1EB9C5262402B8DC0063E216 /* 328 Odd Even LinkList.swift */ = {isa = PBXFileReference; lastKnownFileType = sourcecode.swift; path = "328 Odd Even LinkList.swift"; sourceTree = "<group>"; };
		1EB9C5282402C16C0063E216 /* 61 Rotate LinkList.swift */ = {isa = PBXFileReference; lastKnownFileType = sourcecode.swift; path = "61 Rotate LinkList.swift"; sourceTree = "<group>"; };
		1ECC446D228C6C4C0094AD40 /* 2 Add Two Number.swift */ = {isa = PBXFileReference; lastKnownFileType = sourcecode.swift; path = "2 Add Two Number.swift"; sourceTree = "<group>"; };
		1ECD7E0723FF8C010040B01E /* 排序算法比较.jpg */ = {isa = PBXFileReference; lastKnownFileType = image.jpeg; path = "排序算法比较.jpg"; sourceTree = "<group>"; };
		1EE3AE6820959714002FB78C /* 3 FindLongestSubstring.swift */ = {isa = PBXFileReference; lastKnownFileType = sourcecode.swift; path = "3 FindLongestSubstring.swift"; sourceTree = "<group>"; };
		1EEB6BA1205D0980003E4027 /* MergeSort.swift */ = {isa = PBXFileReference; lastKnownFileType = sourcecode.swift; path = MergeSort.swift; sourceTree = "<group>"; };
/* End PBXFileReference section */

/* Begin PBXFrameworksBuildPhase section */
		1E34E4011CE36D11004F5C98 /* Frameworks */ = {
			isa = PBXFrameworksBuildPhase;
			buildActionMask = 2147483647;
			files = (
			);
			runOnlyForDeploymentPostprocessing = 0;
		};
		1E34E4151CE36D12004F5C98 /* Frameworks */ = {
			isa = PBXFrameworksBuildPhase;
			buildActionMask = 2147483647;
			files = (
			);
			runOnlyForDeploymentPostprocessing = 0;
		};
/* End PBXFrameworksBuildPhase section */

/* Begin PBXGroup section */
		1E34E3FB1CE36D11004F5C98 = {
			isa = PBXGroup;
			children = (
				1E34E4061CE36D12004F5C98 /* CoderAlgorithm */,
				1E34E41B1CE36D12004F5C98 /* CoderAlgorithmTests */,
				1E34E4051CE36D11004F5C98 /* Products */,
			);
			sourceTree = "<group>";
		};
		1E34E4051CE36D11004F5C98 /* Products */ = {
			isa = PBXGroup;
			children = (
				1E34E4041CE36D11004F5C98 /* CoderAlgorithm.app */,
				1E34E4181CE36D12004F5C98 /* CoderAlgorithmTests.xctest */,
			);
			name = Products;
			sourceTree = "<group>";
		};
		1E34E4061CE36D12004F5C98 /* CoderAlgorithm */ = {
			isa = PBXGroup;
			children = (
				1E34E4071CE36D12004F5C98 /* AppDelegate.swift */,
				1E34E4091CE36D12004F5C98 /* ViewController.swift */,
				1E7CDB7D1DE29EB1002B8999 /* DataStructure */,
				1E7CDB801DE29EB1002B8999 /* Search */,
				1E7CDB821DE29EB1002B8999 /* Sort */,
				1E36CBAA207340A100B7AD3F /* Leetcode */,
				1E34E40B1CE36D12004F5C98 /* Main.storyboard */,
				1E34E4101CE36D12004F5C98 /* LaunchScreen.storyboard */,
				1E34E4131CE36D12004F5C98 /* Info.plist */,
				1E34E40E1CE36D12004F5C98 /* Assets.xcassets */,
			);
			path = CoderAlgorithm;
			sourceTree = "<group>";
		};
		1E34E41B1CE36D12004F5C98 /* CoderAlgorithmTests */ = {
			isa = PBXGroup;
			children = (
				1E34E41C1CE36D12004F5C98 /* CoderAlgorithmTests.swift */,
				1E34E41E1CE36D12004F5C98 /* Info.plist */,
			);
			path = CoderAlgorithmTests;
			sourceTree = "<group>";
		};
		1E36CBAA207340A100B7AD3F /* Leetcode */ = {
			isa = PBXGroup;
			children = (
				1E34E4291CE36E49004F5C98 /* 1 Two Sum.swift */,
				1ECC446D228C6C4C0094AD40 /* 2 Add Two Number.swift */,
				1EE3AE6820959714002FB78C /* 3 FindLongestSubstring.swift */,
				1E36CBAB207340C600B7AD3F /* FindDiffChar.swift */,
				1EABA654208F24E8005DA18B /* 88 MergeTwoSortedArray.swift */,
				1EB5329724012C90001A9F68 /* LInkList */,
			);
			path = Leetcode;
			sourceTree = "<group>";
		};
		1E7CDB7D1DE29EB1002B8999 /* DataStructure */ = {
			isa = PBXGroup;
			children = (
				1E7CDB7E1DE29EB1002B8999 /* Queue.swift */,
				1E7CDB7F1DE29EB1002B8999 /* Stack.swift */,
				1E7F3021206BD8200044B5AD /* Heap.swift */,
				1E75DA7B23A6088500642D95 /* LindedList.swift */,
			);
			path = DataStructure;
			sourceTree = "<group>";
		};
		1E7CDB801DE29EB1002B8999 /* Search */ = {
			isa = PBXGroup;
			children = (
				1E7CDB811DE29EB1002B8999 /* BinarySearch.swift */,
				1E7D029020886410008C7FA7 /* BinarySearchTree.swift */,
			);
			path = Search;
			sourceTree = "<group>";
		};
		1E7CDB821DE29EB1002B8999 /* Sort */ = {
			isa = PBXGroup;
			children = (
				1ECD7E0723FF8C010040B01E /* 排序算法比较.jpg */,
				1E7CDB831DE29EB1002B8999 /* BubbleSort.swift */,
				1E7CDB841DE29EB1002B8999 /* BucketSort.swift */,
				1E7CDB851DE29EB1002B8999 /* InsertSort.swift */,
				1E8B7A901DEBE04B00F765C1 /* SelectionSort.swift */,
				1E7CDB861DE29EB1002B8999 /* QuickSort.swift */,
				1EEB6BA1205D0980003E4027 /* MergeSort.swift */,
				1E94CE6C2070B4DA00625560 /* HeapSort.swift */,
			);
			path = Sort;
			sourceTree = "<group>";
		};
		1EB5329724012C90001A9F68 /* LInkList */ = {
			isa = PBXGroup;
			children = (
				1E75DA7F23A6356600642D95 /* 206 Reverse LinkedList.swift */,
				1E75DA8123A6407F00642D95 /* 92 ReverseLinklist2.swift */,
				1E75DA8323A645E700642D95 /* 234 palindromeLinkedList.swift */,
				1EB53295240124E5001A9F68 /* 203 Remove LinkList Element.swift */,
				1EAF4EB724017F570079AA6F /* 83 Remove duplicates in Sorted List.swift */,
				1EAF4EB9240189A60079AA6F /* 82 Remove Duplicated from Sorted List 2.swift */,
				1E486E1A2401AF7F006A19E5 /* 19 Remove Nth Node from end of List.swift */,
				1EB9C5262402B8DC0063E216 /* 328 Odd Even LinkList.swift */,
				1EB9C5282402C16C0063E216 /* 61 Rotate LinkList.swift */,
			);
			path = LInkList;
			sourceTree = "<group>";
		};
/* End PBXGroup section */

/* Begin PBXNativeTarget section */
		1E34E4031CE36D11004F5C98 /* CoderAlgorithm */ = {
			isa = PBXNativeTarget;
			buildConfigurationList = 1E34E4211CE36D12004F5C98 /* Build configuration list for PBXNativeTarget "CoderAlgorithm" */;
			buildPhases = (
				1E34E4001CE36D11004F5C98 /* Sources */,
				1E34E4011CE36D11004F5C98 /* Frameworks */,
				1E34E4021CE36D11004F5C98 /* Resources */,
			);
			buildRules = (
			);
			dependencies = (
			);
			name = CoderAlgorithm;
			productName = CoderAlgorithm;
			productReference = 1E34E4041CE36D11004F5C98 /* CoderAlgorithm.app */;
			productType = "com.apple.product-type.application";
		};
		1E34E4171CE36D12004F5C98 /* CoderAlgorithmTests */ = {
			isa = PBXNativeTarget;
			buildConfigurationList = 1E34E4241CE36D12004F5C98 /* Build configuration list for PBXNativeTarget "CoderAlgorithmTests" */;
			buildPhases = (
				1E34E4141CE36D12004F5C98 /* Sources */,
				1E34E4151CE36D12004F5C98 /* Frameworks */,
				1E34E4161CE36D12004F5C98 /* Resources */,
			);
			buildRules = (
			);
			dependencies = (
				1E34E41A1CE36D12004F5C98 /* PBXTargetDependency */,
			);
			name = CoderAlgorithmTests;
			productName = CoderAlgorithmTests;
			productReference = 1E34E4181CE36D12004F5C98 /* CoderAlgorithmTests.xctest */;
			productType = "com.apple.product-type.bundle.unit-test";
		};
/* End PBXNativeTarget section */

/* Begin PBXProject section */
		1E34E3FC1CE36D11004F5C98 /* Project object */ = {
			isa = PBXProject;
			attributes = {
				LastSwiftUpdateCheck = 0730;
				LastUpgradeCheck = 0800;
				ORGANIZATIONNAME = HanLiu;
				TargetAttributes = {
					1E34E4031CE36D11004F5C98 = {
						CreatedOnToolsVersion = 7.3.1;
						DevelopmentTeam = 5BD5HJ4427;
						LastSwiftMigration = 1010;
					};
					1E34E4171CE36D12004F5C98 = {
						CreatedOnToolsVersion = 7.3.1;
						DevelopmentTeam = 5BD5HJ4427;
						LastSwiftMigration = 0800;
						TestTargetID = 1E34E4031CE36D11004F5C98;
					};
				};
			};
			buildConfigurationList = 1E34E3FF1CE36D11004F5C98 /* Build configuration list for PBXProject "CoderAlgorithm" */;
			compatibilityVersion = "Xcode 3.2";
			developmentRegion = English;
			hasScannedForEncodings = 0;
			knownRegions = (
				English,
				en,
				Base,
			);
			mainGroup = 1E34E3FB1CE36D11004F5C98;
			productRefGroup = 1E34E4051CE36D11004F5C98 /* Products */;
			projectDirPath = "";
			projectRoot = "";
			targets = (
				1E34E4031CE36D11004F5C98 /* CoderAlgorithm */,
				1E34E4171CE36D12004F5C98 /* CoderAlgorithmTests */,
			);
		};
/* End PBXProject section */

/* Begin PBXResourcesBuildPhase section */
		1E34E4021CE36D11004F5C98 /* Resources */ = {
			isa = PBXResourcesBuildPhase;
			buildActionMask = 2147483647;
			files = (
				1E34E4121CE36D12004F5C98 /* LaunchScreen.storyboard in Resources */,
				1ECD7E0823FF8C010040B01E /* 排序算法比较.jpg in Resources */,
				1E34E40F1CE36D12004F5C98 /* Assets.xcassets in Resources */,
				1E34E40D1CE36D12004F5C98 /* Main.storyboard in Resources */,
			);
			runOnlyForDeploymentPostprocessing = 0;
		};
		1E34E4161CE36D12004F5C98 /* Resources */ = {
			isa = PBXResourcesBuildPhase;
			buildActionMask = 2147483647;
			files = (
			);
			runOnlyForDeploymentPostprocessing = 0;
		};
/* End PBXResourcesBuildPhase section */

/* Begin PBXSourcesBuildPhase section */
		1E34E4001CE36D11004F5C98 /* Sources */ = {
			isa = PBXSourcesBuildPhase;
			buildActionMask = 2147483647;
			files = (
				1E34E40A1CE36D12004F5C98 /* ViewController.swift in Sources */,
				1EB9C5292402C16C0063E216 /* 61 Rotate LinkList.swift in Sources */,
				1E7F3022206BD8200044B5AD /* Heap.swift in Sources */,
				1E75DA8223A6407F00642D95 /* 92 ReverseLinklist2.swift in Sources */,
				1E486E1B2401AF7F006A19E5 /* 19 Remove Nth Node from end of List.swift in Sources */,
				1E7CDB8D1DE29EB1002B8999 /* QuickSort.swift in Sources */,
				1E7CDB8B1DE29EB1002B8999 /* BucketSort.swift in Sources */,
				1E7CDB8C1DE29EB1002B8999 /* InsertSort.swift in Sources */,
				1E8B7A911DEBE04B00F765C1 /* SelectionSort.swift in Sources */,
				1E7CDB881DE29EB1002B8999 /* Stack.swift in Sources */,
				1EE3AE6920959714002FB78C /* 3 FindLongestSubstring.swift in Sources */,
				1EB9C5272402B8DC0063E216 /* 328 Odd Even LinkList.swift in Sources */,
				1EAF4EB824017F570079AA6F /* 83 Remove duplicates in Sorted List.swift in Sources */,
				1EB53296240124E5001A9F68 /* 203 Remove LinkList Element.swift in Sources */,
				1ECC446E228C6C4C0094AD40 /* 2 Add Two Number.swift in Sources */,
				1EEB6BA2205D0980003E4027 /* MergeSort.swift in Sources */,
				1E7CDB891DE29EB1002B8999 /* BinarySearch.swift in Sources */,
				1E75DA8423A645E700642D95 /* 234 palindromeLinkedList.swift in Sources */,
				1E75DA7C23A6088500642D95 /* LindedList.swift in Sources */,
				1E94CE6D2070B4DA00625560 /* HeapSort.swift in Sources */,
				1E34E4081CE36D12004F5C98 /* AppDelegate.swift in Sources */,
				1EABA655208F24E8005DA18B /* 88 MergeTwoSortedArray.swift in Sources */,
				1E34E42A1CE36E49004F5C98 /* 1 Two Sum.swift in Sources */,
				1E75DA8023A6356600642D95 /* 206 Reverse LinkedList.swift in Sources */,
				1E7D029120886410008C7FA7 /* BinarySearchTree.swift in Sources */,
				1E36CBAC207340C600B7AD3F /* FindDiffChar.swift in Sources */,
				1E7CDB8A1DE29EB1002B8999 /* BubbleSort.swift in Sources */,
				1EAF4EBA240189A60079AA6F /* 82 Remove Duplicated from Sorted List 2.swift in Sources */,
				1E7CDB871DE29EB1002B8999 /* Queue.swift in Sources */,
			);
			runOnlyForDeploymentPostprocessing = 0;
		};
		1E34E4141CE36D12004F5C98 /* Sources */ = {
			isa = PBXSourcesBuildPhase;
			buildActionMask = 2147483647;
			files = (
				1E34E41D1CE36D12004F5C98 /* CoderAlgorithmTests.swift in Sources */,
			);
			runOnlyForDeploymentPostprocessing = 0;
		};
/* End PBXSourcesBuildPhase section */

/* Begin PBXTargetDependency section */
		1E34E41A1CE36D12004F5C98 /* PBXTargetDependency */ = {
			isa = PBXTargetDependency;
			target = 1E34E4031CE36D11004F5C98 /* CoderAlgorithm */;
			targetProxy = 1E34E4191CE36D12004F5C98 /* PBXContainerItemProxy */;
		};
/* End PBXTargetDependency section */

/* Begin PBXVariantGroup section */
		1E34E40B1CE36D12004F5C98 /* Main.storyboard */ = {
			isa = PBXVariantGroup;
			children = (
				1E34E40C1CE36D12004F5C98 /* Base */,
			);
			name = Main.storyboard;
			sourceTree = "<group>";
		};
		1E34E4101CE36D12004F5C98 /* LaunchScreen.storyboard */ = {
			isa = PBXVariantGroup;
			children = (
				1E34E4111CE36D12004F5C98 /* Base */,
			);
			name = LaunchScreen.storyboard;
			sourceTree = "<group>";
		};
/* End PBXVariantGroup section */

/* Begin XCBuildConfiguration section */
		1E34E41F1CE36D12004F5C98 /* Debug */ = {
			isa = XCBuildConfiguration;
			buildSettings = {
				ALWAYS_SEARCH_USER_PATHS = NO;
				CLANG_ANALYZER_NONNULL = YES;
				CLANG_CXX_LANGUAGE_STANDARD = "gnu++0x";
				CLANG_CXX_LIBRARY = "libc++";
				CLANG_ENABLE_MODULES = YES;
				CLANG_ENABLE_OBJC_ARC = YES;
				CLANG_WARN_BOOL_CONVERSION = YES;
				CLANG_WARN_CONSTANT_CONVERSION = YES;
				CLANG_WARN_DIRECT_OBJC_ISA_USAGE = YES_ERROR;
				CLANG_WARN_EMPTY_BODY = YES;
				CLANG_WARN_ENUM_CONVERSION = YES;
				CLANG_WARN_INFINITE_RECURSION = YES;
				CLANG_WARN_INT_CONVERSION = YES;
				CLANG_WARN_OBJC_ROOT_CLASS = YES_ERROR;
				CLANG_WARN_SUSPICIOUS_MOVE = YES;
				CLANG_WARN_UNREACHABLE_CODE = YES;
				CLANG_WARN__DUPLICATE_METHOD_MATCH = YES;
				"CODE_SIGN_IDENTITY[sdk=iphoneos*]" = "iPhone Developer";
				COPY_PHASE_STRIP = NO;
				DEBUG_INFORMATION_FORMAT = dwarf;
				ENABLE_STRICT_OBJC_MSGSEND = YES;
				ENABLE_TESTABILITY = YES;
				GCC_C_LANGUAGE_STANDARD = gnu99;
				GCC_DYNAMIC_NO_PIC = NO;
				GCC_NO_COMMON_BLOCKS = YES;
				GCC_OPTIMIZATION_LEVEL = 0;
				GCC_PREPROCESSOR_DEFINITIONS = (
					"DEBUG=1",
					"$(inherited)",
				);
				GCC_WARN_64_TO_32_BIT_CONVERSION = YES;
				GCC_WARN_ABOUT_RETURN_TYPE = YES_ERROR;
				GCC_WARN_UNDECLARED_SELECTOR = YES;
				GCC_WARN_UNINITIALIZED_AUTOS = YES_AGGRESSIVE;
				GCC_WARN_UNUSED_FUNCTION = YES;
				GCC_WARN_UNUSED_VARIABLE = YES;
				IPHONEOS_DEPLOYMENT_TARGET = 9.3;
				MTL_ENABLE_DEBUG_INFO = YES;
				ONLY_ACTIVE_ARCH = YES;
				SDKROOT = iphoneos;
				SWIFT_OPTIMIZATION_LEVEL = "-Onone";
				TARGETED_DEVICE_FAMILY = "1,2";
			};
			name = Debug;
		};
		1E34E4201CE36D12004F5C98 /* Release */ = {
			isa = XCBuildConfiguration;
			buildSettings = {
				ALWAYS_SEARCH_USER_PATHS = NO;
				CLANG_ANALYZER_NONNULL = YES;
				CLANG_CXX_LANGUAGE_STANDARD = "gnu++0x";
				CLANG_CXX_LIBRARY = "libc++";
				CLANG_ENABLE_MODULES = YES;
				CLANG_ENABLE_OBJC_ARC = YES;
				CLANG_WARN_BOOL_CONVERSION = YES;
				CLANG_WARN_CONSTANT_CONVERSION = YES;
				CLANG_WARN_DIRECT_OBJC_ISA_USAGE = YES_ERROR;
				CLANG_WARN_EMPTY_BODY = YES;
				CLANG_WARN_ENUM_CONVERSION = YES;
				CLANG_WARN_INFINITE_RECURSION = YES;
				CLANG_WARN_INT_CONVERSION = YES;
				CLANG_WARN_OBJC_ROOT_CLASS = YES_ERROR;
				CLANG_WARN_SUSPICIOUS_MOVE = YES;
				CLANG_WARN_UNREACHABLE_CODE = YES;
				CLANG_WARN__DUPLICATE_METHOD_MATCH = YES;
				"CODE_SIGN_IDENTITY[sdk=iphoneos*]" = "iPhone Developer";
				COPY_PHASE_STRIP = NO;
				DEBUG_INFORMATION_FORMAT = "dwarf-with-dsym";
				ENABLE_NS_ASSERTIONS = NO;
				ENABLE_STRICT_OBJC_MSGSEND = YES;
				GCC_C_LANGUAGE_STANDARD = gnu99;
				GCC_NO_COMMON_BLOCKS = YES;
				GCC_WARN_64_TO_32_BIT_CONVERSION = YES;
				GCC_WARN_ABOUT_RETURN_TYPE = YES_ERROR;
				GCC_WARN_UNDECLARED_SELECTOR = YES;
				GCC_WARN_UNINITIALIZED_AUTOS = YES_AGGRESSIVE;
				GCC_WARN_UNUSED_FUNCTION = YES;
				GCC_WARN_UNUSED_VARIABLE = YES;
				IPHONEOS_DEPLOYMENT_TARGET = 9.3;
				MTL_ENABLE_DEBUG_INFO = NO;
				SDKROOT = iphoneos;
				SWIFT_OPTIMIZATION_LEVEL = "-Owholemodule";
				TARGETED_DEVICE_FAMILY = "1,2";
				VALIDATE_PRODUCT = YES;
			};
			name = Release;
		};
		1E34E4221CE36D12004F5C98 /* Debug */ = {
			isa = XCBuildConfiguration;
			buildSettings = {
				ASSETCATALOG_COMPILER_APPICON_NAME = AppIcon;
				CLANG_ENABLE_MODULES = YES;
				DEVELOPMENT_TEAM = 5BD5HJ4427;
				INFOPLIST_FILE = CoderAlgorithm/Info.plist;
				IPHONEOS_DEPLOYMENT_TARGET = 9.0;
				LD_RUNPATH_SEARCH_PATHS = "$(inherited) @executable_path/Frameworks";
				PRODUCT_BUNDLE_IDENTIFIER = com.starFox.CoderAlgorithm;
				PRODUCT_NAME = "$(TARGET_NAME)";
				SWIFT_OBJC_BRIDGING_HEADER = "";
				SWIFT_OPTIMIZATION_LEVEL = "-Onone";
				SWIFT_VERSION = 4.2;
			};
			name = Debug;
		};
		1E34E4231CE36D12004F5C98 /* Release */ = {
			isa = XCBuildConfiguration;
			buildSettings = {
				ASSETCATALOG_COMPILER_APPICON_NAME = AppIcon;
				CLANG_ENABLE_MODULES = YES;
				DEVELOPMENT_TEAM = 5BD5HJ4427;
				INFOPLIST_FILE = CoderAlgorithm/Info.plist;
				IPHONEOS_DEPLOYMENT_TARGET = 9.0;
				LD_RUNPATH_SEARCH_PATHS = "$(inherited) @executable_path/Frameworks";
				PRODUCT_BUNDLE_IDENTIFIER = com.starFox.CoderAlgorithm;
				PRODUCT_NAME = "$(TARGET_NAME)";
				SWIFT_OBJC_BRIDGING_HEADER = "";
				SWIFT_VERSION = 4.2;
			};
			name = Release;
		};
		1E34E4251CE36D12004F5C98 /* Debug */ = {
			isa = XCBuildConfiguration;
			buildSettings = {
				BUNDLE_LOADER = "$(TEST_HOST)";
				DEVELOPMENT_TEAM = 5BD5HJ4427;
				INFOPLIST_FILE = CoderAlgorithmTests/Info.plist;
				LD_RUNPATH_SEARCH_PATHS = "$(inherited) @executable_path/Frameworks @loader_path/Frameworks";
				PRODUCT_BUNDLE_IDENTIFIER = com.starFox.CoderAlgorithmTests;
				PRODUCT_NAME = "$(TARGET_NAME)";
				SWIFT_VERSION = 3.0;
				TEST_HOST = "$(BUILT_PRODUCTS_DIR)/CoderAlgorithm.app/CoderAlgorithm";
			};
			name = Debug;
		};
		1E34E4261CE36D12004F5C98 /* Release */ = {
			isa = XCBuildConfiguration;
			buildSettings = {
				BUNDLE_LOADER = "$(TEST_HOST)";
				DEVELOPMENT_TEAM = 5BD5HJ4427;
				INFOPLIST_FILE = CoderAlgorithmTests/Info.plist;
				LD_RUNPATH_SEARCH_PATHS = "$(inherited) @executable_path/Frameworks @loader_path/Frameworks";
				PRODUCT_BUNDLE_IDENTIFIER = com.starFox.CoderAlgorithmTests;
				PRODUCT_NAME = "$(TARGET_NAME)";
				SWIFT_VERSION = 3.0;
				TEST_HOST = "$(BUILT_PRODUCTS_DIR)/CoderAlgorithm.app/CoderAlgorithm";
			};
			name = Release;
		};
/* End XCBuildConfiguration section */

/* Begin XCConfigurationList section */
		1E34E3FF1CE36D11004F5C98 /* Build configuration list for PBXProject "CoderAlgorithm" */ = {
			isa = XCConfigurationList;
			buildConfigurations = (
				1E34E41F1CE36D12004F5C98 /* Debug */,
				1E34E4201CE36D12004F5C98 /* Release */,
			);
			defaultConfigurationIsVisible = 0;
			defaultConfigurationName = Release;
		};
		1E34E4211CE36D12004F5C98 /* Build configuration list for PBXNativeTarget "CoderAlgorithm" */ = {
			isa = XCConfigurationList;
			buildConfigurations = (
				1E34E4221CE36D12004F5C98 /* Debug */,
				1E34E4231CE36D12004F5C98 /* Release */,
			);
			defaultConfigurationIsVisible = 0;
			defaultConfigurationName = Release;
		};
		1E34E4241CE36D12004F5C98 /* Build configuration list for PBXNativeTarget "CoderAlgorithmTests" */ = {
			isa = XCConfigurationList;
			buildConfigurations = (
				1E34E4251CE36D12004F5C98 /* Debug */,
				1E34E4261CE36D12004F5C98 /* Release */,
			);
			defaultConfigurationIsVisible = 0;
			defaultConfigurationName = Release;
		};
/* End XCConfigurationList section */
	};
	rootObject = 1E34E3FC1CE36D11004F5C98 /* Project object */;
}
